
Microsoft Visual Studio Solution File, Format Version 12.00
# Visual Studio 15
VisualStudioVersion = 15.0.27428.2011
MinimumVisualStudioVersion = 10.0.40219.1
Project("{FAE04EC0-301F-11D3-BF4B-00C04F79EFBC}") = "ObejctDetectionFramework", "ObejctDetectionFramework\ObejctDetectionFramework.csproj", "{D826903C-68DD-4BE0-8BAA-92CA192B5EC4}"
EndProject
Global
	GlobalSection(SolutionConfigurationPlatforms) = preSolution
		Debug|Any CPU = Debug|Any CPU
		Release|Any CPU = Release|Any CPU
	EndGlobalSection
	GlobalSection(ProjectConfigurationPlatforms) = postSolution
		{D826903C-68DD-4BE0-8BAA-92CA192B5EC4}.Debug|Any CPU.ActiveCfg = Debug|Any CPU
		{D826903C-68DD-4BE0-8BAA-92CA192B5EC4}.Debug|Any CPU.Build.0 = Debug|Any CPU
		{D826903C-68DD-4BE0-8BAA-92CA192B5EC4}.Release|Any CPU.ActiveCfg = Release|Any CPU
		{D826903C-68DD-4BE0-8BAA-92CA192B5EC4}.Release|Any CPU.Build.0 = Release|Any CPU
	EndGlobalSection
	GlobalSection(SolutionProperties) = preSolution
		HideSolutionNode = FALSE
	EndGlobalSection
	GlobalSection(ExtensibilityGlobals) = postSolution
		SolutionGuid = {15BE7637-8944-4EF5-8786-56714C923028}
	EndGlobalSection
EndGlobal
